// !$*UTF8*$!
{
	archiveVersion = 1;
	classes = {
	};
	objectVersion = 77;
	objects = {

/* Begin PBXBuildFile section */
		DE10BB572FCD69A2005897E9 /* WidgetKit.framework in Frameworks */ = {isa = PBXBuildFile; fileRef = DE10BB562FCD69A1005897E9 /* WidgetKit.framework */; };
		DE10BB592FCD69A2005897E9 /* SwiftUI.framework in Frameworks */ = {isa = PBXBuildFile; fileRef = DE10BB582FCD69A2005897E9 /* SwiftUI.framework */; };
		DE10BB682FCD69A2005897E9 /* ShotTidyWidgetExtension.appex in Embed Foundation Extensions */ = {isa = PBXBuildFile; fileRef = DE10BB552FCD69A1005897E9 /* ShotTidyWidgetExtension.appex */; settings = {ATTRIBUTES = (RemoveHeadersOnCopy, ); }; };
		DE10BB832FCD6B83005897E9 /* WidgetKit.framework in Frameworks */ = {isa = PBXBuildFile; fileRef = DE10BB562FCD69A1005897E9 /* WidgetKit.framework */; };
		DE327FF82FC1B9400090FC80 /* ShotTidyShare.appex in Embed Foundation Extensions */ = {isa = PBXBuildFile; fileRef = DE327FEE2FC1B9400090FC80 /* ShotTidyShare.appex */; settings = {ATTRIBUTES = (RemoveHeadersOnCopy, ); }; };
		DE3282BA2FC5798B0090FC80 /* StoreKit.framework in Frameworks */ = {isa = PBXBuildFile; fileRef = DE3282B92FC5798B0090FC80 /* StoreKit.framework */; };
/* End PBXBuildFile section */

/* Begin PBXContainerItemProxy section */
		DE10BB662FCD69A2005897E9 /* PBXContainerItemProxy */ = {
			isa = PBXContainerItemProxy;
			containerPortal = DE327FB92FC1B4160090FC80 /* Project object */;
			proxyType = 1;
			remoteGlobalIDString = DE10BB542FCD69A1005897E9;
			remoteInfo = ShotTidyWidgetExtension;
		};
		DE327FF62FC1B9400090FC80 /* PBXContainerItemProxy */ = {
			isa = PBXContainerItemProxy;
			containerPortal = DE327FB92FC1B4160090FC80 /* Project object */;
			proxyType = 1;
			remoteGlobalIDString = DE327FED2FC1B9400090FC80;
			remoteInfo = ShotTidyShare;
		};
/* End PBXContainerItemProxy section */

/* Begin PBXCopyFilesBuildPhase section */
		DE327FFD2FC1B9400090FC80 /* Embed Foundation Extensions */ = {
			isa = PBXCopyFilesBuildPhase;
			buildActionMask = 2147483647;
			dstPath = "";
			dstSubfolderSpec = 13;
			files = (
				DE10BB682FCD69A2005897E9 /* ShotTidyWidgetExtension.appex in Embed Foundation Extensions */,
				DE327FF82FC1B9400090FC80 /* ShotTidyShare.appex in Embed Foundation Extensions */,
			);
			name = "Embed Foundation Extensions";
			runOnlyForDeploymentPostprocessing = 0;
		};
/* End PBXCopyFilesBuildPhase section */

/* Begin PBXFileReference section */
		DE10BB552FCD69A1005897E9 /* ShotTidyWidgetExtension.appex */ = {isa = PBXFileReference; explicitFileType = "wrapper.app-extension"; includeInIndex = 0; path = ShotTidyWidgetExtension.appex; sourceTree = BUILT_PRODUCTS_DIR; };
		DE10BB562FCD69A1005897E9 /* WidgetKit.framework */ = {isa = PBXFileReference; lastKnownFileType = wrapper.framework; name = WidgetKit.framework; path = System/Library/Frameworks/WidgetKit.framework; sourceTree = SDKROOT; };
		DE10BB582FCD69A2005897E9 /* SwiftUI.framework */ = {isa = PBXFileReference; lastKnownFileType = wrapper.framework; name = SwiftUI.framework; path = System/Library/Frameworks/SwiftUI.framework; sourceTree = SDKROOT; };
		DE10BB822FCD6ABE005897E9 /* ShotTidyWidgetExtension.entitlements */ = {isa = PBXFileReference; lastKnownFileType = text.plist.entitlements; path = ShotTidyWidgetExtension.entitlements; sourceTree = "<group>"; };
		DE327FC12FC1B4160090FC80 /* ShotTidy.app */ = {isa = PBXFileReference; explicitFileType = wrapper.application; includeInIndex = 0; path = ShotTidy.app; sourceTree = BUILT_PRODUCTS_DIR; };
		DE327FEE2FC1B9400090FC80 /* ShotTidyShare.appex */ = {isa = PBXFileReference; explicitFileType = "wrapper.app-extension"; includeInIndex = 0; path = ShotTidyShare.appex; sourceTree = BUILT_PRODUCTS_DIR; };
		DE3282B92FC5798B0090FC80 /* StoreKit.framework */ = {isa = PBXFileReference; lastKnownFileType = wrapper.framework; name = StoreKit.framework; path = System/Library/Frameworks/StoreKit.framework; sourceTree = SDKROOT; };
		DE4AC0012FC1B4160090FC80 /* ShotTidierMac.app */ = {isa = PBXFileReference; explicitFileType = wrapper.application; includeInIndex = 0; path = ShotTidierMac.app; sourceTree = BUILT_PRODUCTS_DIR; };
/* End PBXFileReference section */

/* Begin PBXFileSystemSynchronizedBuildFileExceptionSet section */
		DE10BB6C2FCD69A2005897E9 /* Exceptions for "ShotTidyWidget" folder in "ShotTidyWidgetExtension" target */ = {
			isa = PBXFileSystemSynchronizedBuildFileExceptionSet;
			membershipExceptions = (
				Info.plist,
			);
			target = DE10BB542FCD69A1005897E9 /* ShotTidyWidgetExtension */;
		};
		DE10BB8A2FCD6C00005897E9 /* Exceptions for "ShotTidy" folder in "ShotTidyWidgetExtension" target */ = {
			isa = PBXFileSystemSynchronizedBuildFileExceptionSet;
			membershipExceptions = (
				Core/Services/AppLocale.swift,
				Models/ItemCategory.swift,
			);
			target = DE10BB542FCD69A1005897E9 /* ShotTidyWidgetExtension */;
		};
		DE327FCE2FC1B4170090FC80 /* Exceptions for "ShotTidy" folder in "ShotTidy" target */ = {
			isa = PBXFileSystemSynchronizedBuildFileExceptionSet;
			membershipExceptions = (
				Info.plist,
			);
			target = DE327FC02FC1B4160090FC80 /* ShotTidy */;
		};
		DE327FFC2FC1B9400090FC80 /* Exceptions for "ShotTidyShare" folder in "ShotTidyShare" target */ = {
			isa = PBXFileSystemSynchronizedBuildFileExceptionSet;
			membershipExceptions = (
				Info.plist,
			);
			target = DE327FED2FC1B9400090FC80 /* ShotTidyShare */;
		};
		DE327FFF2FC1BA940090FC80 /* Exceptions for "ShotTidy" folder in "ShotTidyShare" target */ = {
			isa = PBXFileSystemSynchronizedBuildFileExceptionSet;
			membershipExceptions = (
				"Core/Extensions/Color+Hex.swift",
				"Core/Extensions/UIImage+Extensions.swift",
				Core/Services/AppGroupManager.swift,
				Core/Services/AppLocale.swift,
				Core/Services/SupabaseAuthManager.swift,
				Models/CatalogItem.swift,
				Models/CategoryDescriptor.swift,
				Models/ItemCategory.swift,
				Models/Screenshot.swift,
				Models/UserCategory.swift,
			);
			target = DE327FED2FC1B9400090FC80 /* ShotTidyShare */;
		};
		DE4AC0032FC1B4160090FC80 /* Exceptions for "ShotTidy" folder in "ShotTidierMac" target */ = {
			isa = PBXFileSystemSynchronizedBuildFileExceptionSet;
			membershipExceptions = (
				Core/Config.swift,
				"Core/Extensions/Color+Hex.swift",
				Core/Services/AppGroupManager.swift,
				Core/Services/AppLocale.swift,
				Core/Services/AppUpdateService.swift,
				Core/Services/CategoryStore.swift,
				Core/Services/CategorySuggestionClient.swift,
				Core/Services/EnrichmentAPIClient.swift,
				Core/Services/SupabaseAuthManager.swift,
				Core/Services/UsageManager.swift,
				Models/CatalogItem.swift,
				Models/CategoryDescriptor.swift,
				Models/DraftItem.swift,
				Models/ItemCategory.swift,
				Models/Screenshot.swift,
				Models/UserCategory.swift,
			);
			target = DE4AC0072FC1B4160090FC80 /* ShotTidierMac */;
		};
/* End PBXFileSystemSynchronizedBuildFileExceptionSet section */

/* Begin PBXFileSystemSynchronizedRootGroup section */
		DE10BB5A2FCD69A2005897E9 /* ShotTidyWidget */ = {
			isa = PBXFileSystemSynchronizedRootGroup;
			exceptions = (
				DE10BB6C2FCD69A2005897E9 /* Exceptions for "ShotTidyWidget" folder in "ShotTidyWidgetExtension" target */,
			);
			path = ShotTidyWidget;
			sourceTree = "<group>";
		};
		DE327FC32FC1B4160090FC80 /* ShotTidy */ = {
			isa = PBXFileSystemSynchronizedRootGroup;
			exceptions = (
				DE327FCE2FC1B4170090FC80 /* Exceptions for "ShotTidy" folder in "ShotTidy" target */,
				DE327FFF2FC1BA940090FC80 /* Exceptions for "ShotTidy" folder in "ShotTidyShare" target */,
				DE10BB8A2FCD6C00005897E9 /* Exceptions for "ShotTidy" folder in "ShotTidyWidgetExtension" target */,
				DE4AC0032FC1B4160090FC80 /* Exceptions for "ShotTidy" folder in "ShotTidierMac" target */,
			);
			path = ShotTidy;
			sourceTree = "<group>";
		};
		DE327FEF2FC1B9400090FC80 /* ShotTidyShare */ = {
			isa = PBXFileSystemSynchronizedRootGroup;
			exceptions = (
				DE327FFC2FC1B9400090FC80 /* Exceptions for "ShotTidyShare" folder in "ShotTidyShare" target */,
			);
			path = ShotTidyShare;
			sourceTree = "<group>";
		};
		DE4AC0022FC1B4160090FC80 /* ShotTidierMac */ = {
			isa = PBXFileSystemSynchronizedRootGroup;
			path = ShotTidierMac;
			sourceTree = "<group>";
		};
/* End PBXFileSystemSynchronizedRootGroup section */

/* Begin PBXFrameworksBuildPhase section */
		DE10BB522FCD69A1005897E9 /* Frameworks */ = {
			isa = PBXFrameworksBuildPhase;
			buildActionMask = 2147483647;
			files = (
				DE10BB592FCD69A2005897E9 /* SwiftUI.framework in Frameworks */,
				DE10BB572FCD69A2005897E9 /* WidgetKit.framework in Frameworks */,
			);
			runOnlyForDeploymentPostprocessing = 0;
		};
		DE327FBE2FC1B4160090FC80 /* Frameworks */ = {
			isa = PBXFrameworksBuildPhase;
			buildActionMask = 2147483647;
			files = (
				DE10BB832FCD6B83005897E9 /* WidgetKit.framework in Frameworks */,
				DE3282BA2FC5798B0090FC80 /* StoreKit.framework in Frameworks */,
			);
			runOnlyForDeploymentPostprocessing = 0;
		};
		DE327FEB2FC1B9400090FC80 /* Frameworks */ = {
			isa = PBXFrameworksBuildPhase;
			buildActionMask = 2147483647;
			files = (
			);
			runOnlyForDeploymentPostprocessing = 0;
		};
		DE4AC0052FC1B4160090FC80 /* Frameworks */ = {
			isa = PBXFrameworksBuildPhase;
			buildActionMask = 2147483647;
			files = (
			);
			runOnlyForDeploymentPostprocessing = 0;
		};
/* End PBXFrameworksBuildPhase section */

/* Begin PBXGroup section */
		DE327FB82FC1B4160090FC80 = {
			isa = PBXGroup;
			children = (
				DE10BB822FCD6ABE005897E9 /* ShotTidyWidgetExtension.entitlements */,
				DE327FC32FC1B4160090FC80 /* ShotTidy */,
				DE327FEF2FC1B9400090FC80 /* ShotTidyShare */,
				DE10BB5A2FCD69A2005897E9 /* ShotTidyWidget */,
				DE4AC0022FC1B4160090FC80 /* ShotTidierMac */,
				DE327FC22FC1B4160090FC80 /* Products */,
				DE3282B82FC5798B0090FC80 /* Frameworks */,
			);
			sourceTree = "<group>";
		};
		DE327FC22FC1B4160090FC80 /* Products */ = {
			isa = PBXGroup;
			children = (
				DE327FC12FC1B4160090FC80 /* ShotTidy.app */,
				DE327FEE2FC1B9400090FC80 /* ShotTidyShare.appex */,
				DE10BB552FCD69A1005897E9 /* ShotTidyWidgetExtension.appex */,
				DE4AC0012FC1B4160090FC80 /* ShotTidierMac.app */,
			);
			name = Products;
			sourceTree = "<group>";
		};
		DE3282B82FC5798B0090FC80 /* Frameworks */ = {
			isa = PBXGroup;
			children = (
				DE3282B92FC5798B0090FC80 /* StoreKit.framework */,
				DE10BB562FCD69A1005897E9 /* WidgetKit.framework */,
				DE10BB582FCD69A2005897E9 /* SwiftUI.framework */,
			);
			name = Frameworks;
			sourceTree = "<group>";
		};
/* End PBXGroup section */

/* Begin PBXNativeTarget section */
		DE10BB542FCD69A1005897E9 /* ShotTidyWidgetExtension */ = {
			isa = PBXNativeTarget;
			buildConfigurationList = DE10BB692FCD69A2005897E9 /* Build configuration list for PBXNativeTarget "ShotTidyWidgetExtension" */;
			buildPhases = (
				DE10BB512FCD69A1005897E9 /* Sources */,
				DE10BB522FCD69A1005897E9 /* Frameworks */,
				DE10BB532FCD69A1005897E9 /* Resources */,
			);
			buildRules = (
			);
			dependencies = (
			);
			fileSystemSynchronizedGroups = (
				DE10BB5A2FCD69A2005897E9 /* ShotTidyWidget */,
			);
			name = ShotTidyWidgetExtension;
			packageProductDependencies = (
			);
			productName = ShotTidyWidgetExtension;
			productReference = DE10BB552FCD69A1005897E9 /* ShotTidyWidgetExtension.appex */;
			productType = "com.apple.product-type.app-extension";
		};
		DE327FC02FC1B4160090FC80 /* ShotTidy */ = {
			isa = PBXNativeTarget;
			buildConfigurationList = DE327FCF2FC1B4170090FC80 /* Build configuration list for PBXNativeTarget "ShotTidy" */;
			buildPhases = (
				DE327FBD2FC1B4160090FC80 /* Sources */,
				DE327FBE2FC1B4160090FC80 /* Frameworks */,
				DE327FBF2FC1B4160090FC80 /* Resources */,
				DE327FFD2FC1B9400090FC80 /* Embed Foundation Extensions */,
			);
			buildRules = (
			);
			dependencies = (
				DE327FF72FC1B9400090FC80 /* PBXTargetDependency */,
				DE10BB672FCD69A2005897E9 /* PBXTargetDependency */,
			);
			fileSystemSynchronizedGroups = (
				DE327FC32FC1B4160090FC80 /* ShotTidy */,
			);
			name = ShotTidy;
			packageProductDependencies = (
			);
			productName = ShotTidy;
			productReference = DE327FC12FC1B4160090FC80 /* ShotTidy.app */;
			productType = "com.apple.product-type.application";
		};
		DE327FED2FC1B9400090FC80 /* ShotTidyShare */ = {
			isa = PBXNativeTarget;
			buildConfigurationList = DE327FF92FC1B9400090FC80 /* Build configuration list for PBXNativeTarget "ShotTidyShare" */;
			buildPhases = (
				DE327FEA2FC1B9400090FC80 /* Sources */,
				DE327FEB2FC1B9400090FC80 /* Frameworks */,
				DE327FEC2FC1B9400090FC80 /* Resources */,
			);
			buildRules = (
			);
			dependencies = (
			);
			fileSystemSynchronizedGroups = (
				DE327FEF2FC1B9400090FC80 /* ShotTidyShare */,
			);
			name = ShotTidyShare;
			packageProductDependencies = (
			);
			productName = ShotTidyShare;
			productReference = DE327FEE2FC1B9400090FC80 /* ShotTidyShare.appex */;
			productType = "com.apple.product-type.app-extension";
		};
		DE4AC0072FC1B4160090FC80 /* ShotTidierMac */ = {
			isa = PBXNativeTarget;
			buildConfigurationList = DE4AC00A2FC1B4160090FC80 /* Build configuration list for PBXNativeTarget "ShotTidierMac" */;
			buildPhases = (
				DE4AC0042FC1B4160090FC80 /* Sources */,
				DE4AC0052FC1B4160090FC80 /* Frameworks */,
				DE4AC0062FC1B4160090FC80 /* Resources */,
			);
			buildRules = (
			);
			dependencies = (
			);
			fileSystemSynchronizedGroups = (
				DE4AC0022FC1B4160090FC80 /* ShotTidierMac */,
			);
			name = ShotTidierMac;
			packageProductDependencies = (
			);
			productName = ShotTidierMac;
			productReference = DE4AC0012FC1B4160090FC80 /* ShotTidierMac.app */;
			productType = "com.apple.product-type.application";
		};
/* End PBXNativeTarget section */

/* Begin PBXProject section */
		DE327FB92FC1B4160090FC80 /* Project object */ = {
			isa = PBXProject;
			attributes = {
				BuildIndependentTargetsInParallel = 1;
				LastSwiftUpdateCheck = 2650;
				LastUpgradeCheck = 2660;
				TargetAttributes = {
					DE10BB542FCD69A1005897E9 = {
						CreatedOnToolsVersion = 26.5;
					};
					DE327FC02FC1B4160090FC80 = {
						CreatedOnToolsVersion = 26.5;
					};
					DE327FED2FC1B9400090FC80 = {
						CreatedOnToolsVersion = 26.5;
					};
					DE4AC0072FC1B4160090FC80 = {
						CreatedOnToolsVersion = 26.5;
					};
				};
			};
			buildConfigurationList = DE327FBC2FC1B4160090FC80 /* Build configuration list for PBXProject "ShotTidy" */;
			developmentRegion = en;
			hasScannedForEncodings = 0;
			knownRegions = (
				en,
				Base,
				"zh-Hans",
				es,
				"pt-BR",
				"pt-PT",
				tr,
				ru,
				it,
				de,
				fr,
				ja,
				ko,
				hy,
			);
			mainGroup = DE327FB82FC1B4160090FC80;
			minimizedProjectReferenceProxies = 1;
			preferredProjectObjectVersion = 77;
			productRefGroup = DE327FC22FC1B4160090FC80 /* Products */;
			projectDirPath = "";
			projectRoot = "";
			targets = (
				DE327FC02FC1B4160090FC80 /* ShotTidy */,
				DE327FED2FC1B9400090FC80 /* ShotTidyShare */,
				DE10BB542FCD69A1005897E9 /* ShotTidyWidgetExtension */,
				DE4AC0072FC1B4160090FC80 /* ShotTidierMac */,
			);
		};
/* End PBXProject section */

/* Begin PBXResourcesBuildPhase section */
		DE10BB532FCD69A1005897E9 /* Resources */ = {
			isa = PBXResourcesBuildPhase;
			buildActionMask = 2147483647;
			files = (
			);
			runOnlyForDeploymentPostprocessing = 0;
		};
		DE327FBF2FC1B4160090FC80 /* Resources */ = {
			isa = PBXResourcesBuildPhase;
			buildActionMask = 2147483647;
			files = (
			);
			runOnlyForDeploymentPostprocessing = 0;
		};
		DE327FEC2FC1B9400090FC80 /* Resources */ = {
			isa = PBXResourcesBuildPhase;
			buildActionMask = 2147483647;
			files = (
			);
			runOnlyForDeploymentPostprocessing = 0;
		};
		DE4AC0062FC1B4160090FC80 /* Resources */ = {
			isa = PBXResourcesBuildPhase;
			buildActionMask = 2147483647;
			files = (
			);
			runOnlyForDeploymentPostprocessing = 0;
		};
/* End PBXResourcesBuildPhase section */

/* Begin PBXSourcesBuildPhase section */
		DE10BB512FCD69A1005897E9 /* Sources */ = {
			isa = PBXSourcesBuildPhase;
			buildActionMask = 2147483647;
			files = (
			);
			runOnlyForDeploymentPostprocessing = 0;
		};
		DE327FBD2FC1B4160090FC80 /* Sources */ = {
			isa = PBXSourcesBuildPhase;
			buildActionMask = 2147483647;
			files = (
			);
			runOnlyForDeploymentPostprocessing = 0;
		};
		DE327FEA2FC1B9400090FC80 /* Sources */ = {
			isa = PBXSourcesBuildPhase;
			buildActionMask = 2147483647;
			files = (
			);
			runOnlyForDeploymentPostprocessing = 0;
		};
		DE4AC0042FC1B4160090FC80 /* Sources */ = {
			isa = PBXSourcesBuildPhase;
			buildActionMask = 2147483647;
			files = (
			);
			runOnlyForDeploymentPostprocessing = 0;
		};
/* End PBXSourcesBuildPhase section */

/* Begin PBXTargetDependency section */
		DE10BB672FCD69A2005897E9 /* PBXTargetDependency */ = {
			isa = PBXTargetDependency;
			target = DE10BB542FCD69A1005897E9 /* ShotTidyWidgetExtension */;
			targetProxy = DE10BB662FCD69A2005897E9 /* PBXContainerItemProxy */;
		};
		DE327FF72FC1B9400090FC80 /* PBXTargetDependency */ = {
			isa = PBXTargetDependency;
			target = DE327FED2FC1B9400090FC80 /* ShotTidyShare */;
			targetProxy = DE327FF62FC1B9400090FC80 /* PBXContainerItemProxy */;
		};
/* End PBXTargetDependency section */

/* Begin XCBuildConfiguration section */
		DE10BB6A2FCD69A2005897E9 /* Debug */ = {
			isa = XCBuildConfiguration;
			buildSettings = {
				ASSETCATALOG_COMPILER_GLOBAL_ACCENT_COLOR_NAME = AccentColor;
				ASSETCATALOG_COMPILER_WIDGET_BACKGROUND_COLOR_NAME = WidgetBackground;
				CODE_SIGN_ENTITLEMENTS = ShotTidyWidgetExtension.entitlements;
				CODE_SIGN_STYLE = Automatic;
				CURRENT_PROJECT_VERSION = 1;
				DEVELOPMENT_TEAM = FK4KSS322U;
				GENERATE_INFOPLIST_FILE = YES;
				INFOPLIST_FILE = ShotTidyWidget/Info.plist;
				INFOPLIST_KEY_CFBundleDisplayName = ShotTidyWidget;
				INFOPLIST_KEY_NSHumanReadableCopyright = "";
				IPHONEOS_DEPLOYMENT_TARGET = 26;
				LD_RUNPATH_SEARCH_PATHS = (
					"$(inherited)",
					"@executable_path/Frameworks",
					"@executable_path/../../Frameworks",
				);
				MARKETING_VERSION = 1.4.0;
				PRODUCT_BUNDLE_IDENTIFIER = com.mbx.ShotTidier.widget;
				PRODUCT_NAME = "$(TARGET_NAME)";
				SKIP_INSTALL = YES;
				STRING_CATALOG_GENERATE_SYMBOLS = YES;
				SWIFT_APPROACHABLE_CONCURRENCY = YES;
				SWIFT_EMIT_LOC_STRINGS = YES;
				SWIFT_UPCOMING_FEATURE_MEMBER_IMPORT_VISIBILITY = YES;
				SWIFT_VERSION = 5.0;
				TARGETED_DEVICE_FAMILY = "1,2";
			};
			name = Debug;
		};
		DE10BB6B2FCD69A2005897E9 /* Release */ = {
			isa = XCBuildConfiguration;
			buildSettings = {
				ASSETCATALOG_COMPILER_GLOBAL_ACCENT_COLOR_NAME = AccentColor;
				ASSETCATALOG_COMPILER_WIDGET_BACKGROUND_COLOR_NAME = WidgetBackground;
				CODE_SIGN_ENTITLEMENTS = ShotTidyWidgetExtension.entitlements;
				CODE_SIGN_STYLE = Automatic;
				CURRENT_PROJECT_VERSION = 1;
				DEVELOPMENT_TEAM = FK4KSS322U;
				GENERATE_INFOPLIST_FILE = YES;
				INFOPLIST_FILE = ShotTidyWidget/Info.plist;
				INFOPLIST_KEY_CFBundleDisplayName = ShotTidyWidget;
				INFOPLIST_KEY_NSHumanReadableCopyright = "";
				IPHONEOS_DEPLOYMENT_TARGET = 26;
				LD_RUNPATH_SEARCH_PATHS = (
					"$(inherited)",
					"@executable_path/Frameworks",
					"@executable_path/../../Frameworks",
				);
				MARKETING_VERSION = 1.4.0;
				PRODUCT_BUNDLE_IDENTIFIER = com.mbx.ShotTidier.widget;
				PRODUCT_NAME = "$(TARGET_NAME)";
				SKIP_INSTALL = YES;
				STRING_CATALOG_GENERATE_SYMBOLS = YES;
				SWIFT_APPROACHABLE_CONCURRENCY = YES;
				SWIFT_EMIT_LOC_STRINGS = YES;
				SWIFT_UPCOMING_FEATURE_MEMBER_IMPORT_VISIBILITY = YES;
				SWIFT_VERSION = 5.0;
				TARGETED_DEVICE_FAMILY = "1,2";
			};
			name = Release;
		};
		DE327FD02FC1B4170090FC80 /* Debug */ = {
			isa = XCBuildConfiguration;
			buildSettings = {
				ASSETCATALOG_COMPILER_APPICON_NAME = AppIcon;
				ASSETCATALOG_COMPILER_GLOBAL_ACCENT_COLOR_NAME = AccentColor;
				CODE_SIGN_ENTITLEMENTS = ShotTidy/ShotTidy.entitlements;
				CODE_SIGN_STYLE = Automatic;
				CURRENT_PROJECT_VERSION = 1;
				DEVELOPMENT_TEAM = FK4KSS322U;
				ENABLE_PREVIEWS = YES;
				GENERATE_INFOPLIST_FILE = YES;
				INFOPLIST_FILE = ShotTidy/Info.plist;
				INFOPLIST_KEY_CFBundleDisplayName = ShotTidier;
				INFOPLIST_KEY_UIApplicationSceneManifest_Generation = YES;
				INFOPLIST_KEY_UIApplicationSupportsIndirectInputEvents = YES;
				INFOPLIST_KEY_UILaunchScreen_Generation = YES;
				INFOPLIST_KEY_UISupportedInterfaceOrientations_iPad = "UIInterfaceOrientationPortrait UIInterfaceOrientationPortraitUpsideDown UIInterfaceOrientationLandscapeLeft UIInterfaceOrientationLandscapeRight";
				INFOPLIST_KEY_UISupportedInterfaceOrientations_iPhone = "UIInterfaceOrientationPortrait UIInterfaceOrientationLandscapeLeft UIInterfaceOrientationLandscapeRight";
				IPHONEOS_DEPLOYMENT_TARGET = 26;
				LD_RUNPATH_SEARCH_PATHS = (
					"$(inherited)",
					"@executable_path/Frameworks",
				);
				MARKETING_VERSION = 1.4.0;
				PRODUCT_BUNDLE_IDENTIFIER = com.mbx.ShotTidier;
				PRODUCT_NAME = "$(TARGET_NAME)";
				STRING_CATALOG_GENERATE_SYMBOLS = YES;
				SWIFT_APPROACHABLE_CONCURRENCY = YES;
				SWIFT_DEFAULT_ACTOR_ISOLATION = MainActor;
				SWIFT_EMIT_LOC_STRINGS = YES;
				SWIFT_UPCOMING_FEATURE_MEMBER_IMPORT_VISIBILITY = YES;
				SWIFT_VERSION = 5.0;
				TARGETED_DEVICE_FAMILY = "1,2";
			};
			name = Debug;
		};
		DE327FD12FC1B4170090FC80 /* Release */ = {
			isa = XCBuildConfiguration;
			buildSettings = {
				ASSETCATALOG_COMPILER_APPICON_NAME = AppIcon;
				ASSETCATALOG_COMPILER_GLOBAL_ACCENT_COLOR_NAME = AccentColor;
				CODE_SIGN_ENTITLEMENTS = ShotTidy/ShotTidy.entitlements;
				CODE_SIGN_STYLE = Automatic;
				CURRENT_PROJECT_VERSION = 1;
				DEVELOPMENT_TEAM = FK4KSS322U;
				ENABLE_PREVIEWS = YES;
				GENERATE_INFOPLIST_FILE = YES;
				INFOPLIST_FILE = ShotTidy/Info.plist;
				INFOPLIST_KEY_CFBundleDisplayName = ShotTidier;
				INFOPLIST_KEY_UIApplicationSceneManifest_Generation = YES;
				INFOPLIST_KEY_UIApplicationSupportsIndirectInputEvents = YES;
				INFOPLIST_KEY_UILaunchScreen_Generation = YES;
				INFOPLIST_KEY_UISupportedInterfaceOrientations_iPad = "UIInterfaceOrientationPortrait UIInterfaceOrientationPortraitUpsideDown UIInterfaceOrientationLandscapeLeft UIInterfaceOrientationLandscapeRight";
				INFOPLIST_KEY_UISupportedInterfaceOrientations_iPhone = "UIInterfaceOrientationPortrait UIInterfaceOrientationLandscapeLeft UIInterfaceOrientationLandscapeRight";
				IPHONEOS_DEPLOYMENT_TARGET = 26;
				LD_RUNPATH_SEARCH_PATHS = (
					"$(inherited)",
					"@executable_path/Frameworks",
				);
				MARKETING_VERSION = 1.4.0;
				PRODUCT_BUNDLE_IDENTIFIER = com.mbx.ShotTidier;
				PRODUCT_NAME = "$(TARGET_NAME)";
				STRING_CATALOG_GENERATE_SYMBOLS = YES;
				SWIFT_APPROACHABLE_CONCURRENCY = YES;
				SWIFT_DEFAULT_ACTOR_ISOLATION = MainActor;
				SWIFT_EMIT_LOC_STRINGS = YES;
				SWIFT_UPCOMING_FEATURE_MEMBER_IMPORT_VISIBILITY = YES;
				SWIFT_VERSION = 5.0;
				TARGETED_DEVICE_FAMILY = "1,2";
			};
			name = Release;
		};
		DE327FD22FC1B4170090FC80 /* Debug */ = {
			isa = XCBuildConfiguration;
			buildSettings = {
				ALWAYS_SEARCH_USER_PATHS = NO;
				ASSETCATALOG_COMPILER_GENERATE_SWIFT_ASSET_SYMBOL_EXTENSIONS = YES;
				CLANG_ANALYZER_LOCALIZABILITY_NONLOCALIZED = YES;
				CLANG_ANALYZER_NONNULL = YES;
				CLANG_ANALYZER_NUMBER_OBJECT_CONVERSION = YES_AGGRESSIVE;
				CLANG_CXX_LANGUAGE_STANDARD = "gnu++20";
				CLANG_ENABLE_MODULES = YES;
				CLANG_ENABLE_OBJC_ARC = YES;
				CLANG_ENABLE_OBJC_WEAK = YES;
				CLANG_WARN_BLOCK_CAPTURE_AUTORELEASING = YES;
				CLANG_WARN_BOOL_CONVERSION = YES;
				CLANG_WARN_COMMA = YES;
				CLANG_WARN_CONSTANT_CONVERSION = YES;
				CLANG_WARN_DEPRECATED_OBJC_IMPLEMENTATIONS = YES;
				CLANG_WARN_DIRECT_OBJC_ISA_USAGE = YES_ERROR;
				CLANG_WARN_DOCUMENTATION_COMMENTS = YES;
				CLANG_WARN_EMPTY_BODY = YES;
				CLANG_WARN_ENUM_CONVERSION = YES;
				CLANG_WARN_INFINITE_RECURSION = YES;
				CLANG_WARN_INT_CONVERSION = YES;
				CLANG_WARN_NON_LITERAL_NULL_CONVERSION = YES;
				CLANG_WARN_OBJC_IMPLICIT_RETAIN_SELF = YES;
				CLANG_WARN_OBJC_LITERAL_CONVERSION = YES;
				CLANG_WARN_OBJC_ROOT_CLASS = YES_ERROR;
				CLANG_WARN_QUOTED_INCLUDE_IN_FRAMEWORK_HEADER = YES;
				CLANG_WARN_RANGE_LOOP_ANALYSIS = YES;
				CLANG_WARN_STRICT_PROTOTYPES = YES;
				CLANG_WARN_SUSPICIOUS_MOVE = YES;
				CLANG_WARN_UNGUARDED_AVAILABILITY = YES_AGGRESSIVE;
				CLANG_WARN_UNREACHABLE_CODE = YES;
				CLANG_WARN__DUPLICATE_METHOD_MATCH = YES;
				COPY_PHASE_STRIP = NO;
				DEBUG_INFORMATION_FORMAT = dwarf;
				DEVELOPMENT_TEAM = FK4KSS322U;
				ENABLE_ENHANCED_SECURITY = YES;
				ENABLE_STRICT_OBJC_MSGSEND = YES;
				ENABLE_TESTABILITY = YES;
				ENABLE_USER_SCRIPT_SANDBOXING = YES;
				GCC_C_LANGUAGE_STANDARD = gnu17;
				GCC_DYNAMIC_NO_PIC = NO;
				GCC_NO_COMMON_BLOCKS = YES;
				GCC_OPTIMIZATION_LEVEL = 0;
				GCC_PREPROCESSOR_DEFINITIONS = (
					"DEBUG=1",
					"$(inherited)",
				);
				GCC_WARN_64_TO_32_BIT_CONVERSION = YES;
				GCC_WARN_ABOUT_RETURN_TYPE = YES_ERROR;
				GCC_WARN_UNDECLARED_SELECTOR = YES;
				GCC_WARN_UNINITIALIZED_AUTOS = YES_AGGRESSIVE;
				GCC_WARN_UNUSED_FUNCTION = YES;
				GCC_WARN_UNUSED_VARIABLE = YES;
				IPHONEOS_DEPLOYMENT_TARGET = 26.5;
				LOCALIZATION_PREFERS_STRING_CATALOGS = YES;
				MTL_ENABLE_DEBUG_INFO = INCLUDE_SOURCE;
				MTL_FAST_MATH = YES;
				ONLY_ACTIVE_ARCH = YES;
				SDKROOT = iphoneos;
				STRING_CATALOG_GENERATE_SYMBOLS = YES;
				SWIFT_ACTIVE_COMPILATION_CONDITIONS = "DEBUG $(inherited)";
				SWIFT_OPTIMIZATION_LEVEL = "-Onone";
			};
			name = Debug;
		};
		DE327FD32FC1B4170090FC80 /* Release */ = {
			isa = XCBuildConfiguration;
			buildSettings = {
				ALWAYS_SEARCH_USER_PATHS = NO;
				ASSETCATALOG_COMPILER_GENERATE_SWIFT_ASSET_SYMBOL_EXTENSIONS = YES;
				CLANG_ANALYZER_LOCALIZABILITY_NONLOCALIZED = YES;
				CLANG_ANALYZER_NONNULL = YES;
				CLANG_ANALYZER_NUMBER_OBJECT_CONVERSION = YES_AGGRESSIVE;
				CLANG_CXX_LANGUAGE_STANDARD = "gnu++20";
				CLANG_ENABLE_MODULES = YES;
				CLANG_ENABLE_OBJC_ARC = YES;
				CLANG_ENABLE_OBJC_WEAK = YES;
				CLANG_WARN_BLOCK_CAPTURE_AUTORELEASING = YES;
				CLANG_WARN_BOOL_CONVERSION = YES;
				CLANG_WARN_COMMA = YES;
				CLANG_WARN_CONSTANT_CONVERSION = YES;
				CLANG_WARN_DEPRECATED_OBJC_IMPLEMENTATIONS = YES;
				CLANG_WARN_DIRECT_OBJC_ISA_USAGE = YES_ERROR;
				CLANG_WARN_DOCUMENTATION_COMMENTS = YES;
				CLANG_WARN_EMPTY_BODY = YES;
				CLANG_WARN_ENUM_CONVERSION = YES;
				CLANG_WARN_INFINITE_RECURSION = YES;
				CLANG_WARN_INT_CONVERSION = YES;
				CLANG_WARN_NON_LITERAL_NULL_CONVERSION = YES;
				CLANG_WARN_OBJC_IMPLICIT_RETAIN_SELF = YES;
				CLANG_WARN_OBJC_LITERAL_CONVERSION = YES;
				CLANG_WARN_OBJC_ROOT_CLASS = YES_ERROR;
				CLANG_WARN_QUOTED_INCLUDE_IN_FRAMEWORK_HEADER = YES;
				CLANG_WARN_RANGE_LOOP_ANALYSIS = YES;
				CLANG_WARN_STRICT_PROTOTYPES = YES;
				CLANG_WARN_SUSPICIOUS_MOVE = YES;
				CLANG_WARN_UNGUARDED_AVAILABILITY = YES_AGGRESSIVE;
				CLANG_WARN_UNREACHABLE_CODE = YES;
				CLANG_WARN__DUPLICATE_METHOD_MATCH = YES;
				COPY_PHASE_STRIP = NO;
				DEBUG_INFORMATION_FORMAT = "dwarf-with-dsym";
				DEVELOPMENT_TEAM = FK4KSS322U;
				ENABLE_ENHANCED_SECURITY = YES;
				ENABLE_NS_ASSERTIONS = NO;
				ENABLE_STRICT_OBJC_MSGSEND = YES;
				ENABLE_USER_SCRIPT_SANDBOXING = YES;
				GCC_C_LANGUAGE_STANDARD = gnu17;
				GCC_NO_COMMON_BLOCKS = YES;
				GCC_WARN_64_TO_32_BIT_CONVERSION = YES;
				GCC_WARN_ABOUT_RETURN_TYPE = YES_ERROR;
				GCC_WARN_UNDECLARED_SELECTOR = YES;
				GCC_WARN_UNINITIALIZED_AUTOS = YES_AGGRESSIVE;
				GCC_WARN_UNUSED_FUNCTION = YES;
				GCC_WARN_UNUSED_VARIABLE = YES;
				IPHONEOS_DEPLOYMENT_TARGET = 26.5;
				LOCALIZATION_PREFERS_STRING_CATALOGS = YES;
				MTL_ENABLE_DEBUG_INFO = NO;
				MTL_FAST_MATH = YES;
				SDKROOT = iphoneos;
				STRING_CATALOG_GENERATE_SYMBOLS = YES;
				SWIFT_COMPILATION_MODE = wholemodule;
				VALIDATE_PRODUCT = YES;
			};
			name = Release;
		};
		DE327FFA2FC1B9400090FC80 /* Debug */ = {
			isa = XCBuildConfiguration;
			buildSettings = {
				CODE_SIGN_ENTITLEMENTS = ShotTidyShare/ShotTidyShare.entitlements;
				CODE_SIGN_STYLE = Automatic;
				CURRENT_PROJECT_VERSION = 1;
				DEVELOPMENT_TEAM = FK4KSS322U;
				GENERATE_INFOPLIST_FILE = NO;
				INFOPLIST_FILE = ShotTidyShare/Info.plist;
				INFOPLIST_KEY_CFBundleDisplayName = ShotTidyShare;
				INFOPLIST_KEY_NSHumanReadableCopyright = "";
				IPHONEOS_DEPLOYMENT_TARGET = 26;
				LD_RUNPATH_SEARCH_PATHS = (
					"$(inherited)",
					"@executable_path/Frameworks",
					"@executable_path/../../Frameworks",
				);
				MARKETING_VERSION = 1.4.0;
				PRODUCT_BUNDLE_IDENTIFIER = com.mbx.ShotTidier.share;
				PRODUCT_NAME = "$(TARGET_NAME)";
				SKIP_INSTALL = YES;
				STRING_CATALOG_GENERATE_SYMBOLS = YES;
				SWIFT_APPROACHABLE_CONCURRENCY = YES;
				SWIFT_EMIT_LOC_STRINGS = YES;
				SWIFT_UPCOMING_FEATURE_MEMBER_IMPORT_VISIBILITY = YES;
				SWIFT_VERSION = 5.0;
				TARGETED_DEVICE_FAMILY = "1,2";
			};
			name = Debug;
		};
		DE327FFB2FC1B9400090FC80 /* Release */ = {
			isa = XCBuildConfiguration;
			buildSettings = {
				CODE_SIGN_ENTITLEMENTS = ShotTidyShare/ShotTidyShare.entitlements;
				CODE_SIGN_STYLE = Automatic;
				CURRENT_PROJECT_VERSION = 1;
				DEVELOPMENT_TEAM = FK4KSS322U;
				GENERATE_INFOPLIST_FILE = NO;
				INFOPLIST_FILE = ShotTidyShare/Info.plist;
				INFOPLIST_KEY_CFBundleDisplayName = ShotTidyShare;
				INFOPLIST_KEY_NSHumanReadableCopyright = "";
				IPHONEOS_DEPLOYMENT_TARGET = 26;
				LD_RUNPATH_SEARCH_PATHS = (
					"$(inherited)",
					"@executable_path/Frameworks",
					"@executable_path/../../Frameworks",
				);
				MARKETING_VERSION = 1.4.0;
				PRODUCT_BUNDLE_IDENTIFIER = com.mbx.ShotTidier.share;
				PRODUCT_NAME = "$(TARGET_NAME)";
				SKIP_INSTALL = YES;
				STRING_CATALOG_GENERATE_SYMBOLS = YES;
				SWIFT_APPROACHABLE_CONCURRENCY = YES;
				SWIFT_EMIT_LOC_STRINGS = YES;
				SWIFT_UPCOMING_FEATURE_MEMBER_IMPORT_VISIBILITY = YES;
				SWIFT_VERSION = 5.0;
				TARGETED_DEVICE_FAMILY = "1,2";
			};
			name = Release;
		};
		DE4AC0082FC1B4160090FC80 /* Debug */ = {
			isa = XCBuildConfiguration;
			buildSettings = {
				ASSETCATALOG_COMPILER_APPICON_NAME = AppIcon;
				CODE_SIGN_ENTITLEMENTS = ShotTidierMac/ShotTidierMac.entitlements;
				CODE_SIGN_STYLE = Automatic;
				CURRENT_PROJECT_VERSION = 1;
				DEAD_CODE_STRIPPING = YES;
				DEVELOPMENT_TEAM = FK4KSS322U;
				ENABLE_PREVIEWS = YES;
				GENERATE_INFOPLIST_FILE = YES;
				INFOPLIST_KEY_CFBundleDisplayName = ShotTidier;
				INFOPLIST_KEY_LSApplicationCategoryType = "public.app-category.productivity";
				INFOPLIST_KEY_NSHumanReadableCopyright = "Copyright © 2025 MBX Services LLC. All rights reserved.";
				MACOSX_DEPLOYMENT_TARGET = 15.0;
				MARKETING_VERSION = 1.0.0;
				ONLY_ACTIVE_ARCH = YES;
				PRODUCT_BUNDLE_IDENTIFIER = com.mbx.ShotTidier;
				PRODUCT_NAME = "$(TARGET_NAME)";
				SDKROOT = macosx;
				STRING_CATALOG_GENERATE_SYMBOLS = YES;
				SWIFT_APPROACHABLE_CONCURRENCY = YES;
				SWIFT_DEFAULT_ACTOR_ISOLATION = MainActor;
				SWIFT_EMIT_LOC_STRINGS = YES;
				SWIFT_UPCOMING_FEATURE_MEMBER_IMPORT_VISIBILITY = YES;
				SWIFT_VERSION = 5.0;
			};
			name = Debug;
		};
		DE4AC0092FC1B4160090FC80 /* Release */ = {
			isa = XCBuildConfiguration;
			buildSettings = {
				ASSETCATALOG_COMPILER_APPICON_NAME = AppIcon;
				CODE_SIGN_ENTITLEMENTS = ShotTidierMac/ShotTidierMac.entitlements;
				CODE_SIGN_STYLE = Automatic;
				CURRENT_PROJECT_VERSION = 1;
				DEAD_CODE_STRIPPING = YES;
				DEVELOPMENT_TEAM = FK4KSS322U;
				ENABLE_PREVIEWS = YES;
				GENERATE_INFOPLIST_FILE = YES;
				INFOPLIST_KEY_CFBundleDisplayName = ShotTidier;
				INFOPLIST_KEY_LSApplicationCategoryType = "public.app-category.productivity";
				INFOPLIST_KEY_NSHumanReadableCopyright = "Copyright © 2025 MBX Services LLC. All rights reserved.";
				MACOSX_DEPLOYMENT_TARGET = 15.0;
				MARKETING_VERSION = 1.0.0;
				PRODUCT_BUNDLE_IDENTIFIER = com.mbx.ShotTidier;
				PRODUCT_NAME = "$(TARGET_NAME)";
				SDKROOT = macosx;
				STRING_CATALOG_GENERATE_SYMBOLS = YES;
				SWIFT_APPROACHABLE_CONCURRENCY = YES;
				SWIFT_DEFAULT_ACTOR_ISOLATION = MainActor;
				SWIFT_EMIT_LOC_STRINGS = YES;
				SWIFT_UPCOMING_FEATURE_MEMBER_IMPORT_VISIBILITY = YES;
				SWIFT_VERSION = 5.0;
			};
			name = Release;
		};
/* End XCBuildConfiguration section */

/* Begin XCConfigurationList section */
		DE10BB692FCD69A2005897E9 /* Build configuration list for PBXNativeTarget "ShotTidyWidgetExtension" */ = {
			isa = XCConfigurationList;
			buildConfigurations = (
				DE10BB6A2FCD69A2005897E9 /* Debug */,
				DE10BB6B2FCD69A2005897E9 /* Release */,
			);
			defaultConfigurationIsVisible = 0;
			defaultConfigurationName = Release;
		};
		DE327FBC2FC1B4160090FC80 /* Build configuration list for PBXProject "ShotTidy" */ = {
			isa = XCConfigurationList;
			buildConfigurations = (
				DE327FD22FC1B4170090FC80 /* Debug */,
				DE327FD32FC1B4170090FC80 /* Release */,
			);
			defaultConfigurationIsVisible = 0;
			defaultConfigurationName = Release;
		};
		DE327FCF2FC1B4170090FC80 /* Build configuration list for PBXNativeTarget "ShotTidy" */ = {
			isa = XCConfigurationList;
			buildConfigurations = (
				DE327FD02FC1B4170090FC80 /* Debug */,
				DE327FD12FC1B4170090FC80 /* Release */,
			);
			defaultConfigurationIsVisible = 0;
			defaultConfigurationName = Release;
		};
		DE327FF92FC1B9400090FC80 /* Build configuration list for PBXNativeTarget "ShotTidyShare" */ = {
			isa = XCConfigurationList;
			buildConfigurations = (
				DE327FFA2FC1B9400090FC80 /* Debug */,
				DE327FFB2FC1B9400090FC80 /* Release */,
			);
			defaultConfigurationIsVisible = 0;
			defaultConfigurationName = Release;
		};
		DE4AC00A2FC1B4160090FC80 /* Build configuration list for PBXNativeTarget "ShotTidierMac" */ = {
			isa = XCConfigurationList;
			buildConfigurations = (
				DE4AC0082FC1B4160090FC80 /* Debug */,
				DE4AC0092FC1B4160090FC80 /* Release */,
			);
			defaultConfigurationIsVisible = 0;
			defaultConfigurationName = Release;
		};
/* End XCConfigurationList section */
	};
	rootObject = DE327FB92FC1B4160090FC80 /* Project object */;
}
